// !$*UTF8*$!
{
	archiveVersion = 1;
	classes = {
	};
	objectVersion = 50;
	objects = {

/* Begin PBXBuildFile section */
		213B981F20919E450099E6ED /* SocketChatManager+ReceiveFunctions.swift in Sources */ = {isa = PBXBuildFile; fileRef = 213B980920919E450099E6ED /* SocketChatManager+ReceiveFunctions.swift */; };
		213B982020919E450099E6ED /* SocketChatManager.swift in Sources */ = {isa = PBXBuildFile; fileRef = 213B980A20919E450099E6ED /* SocketChatManager.swift */; };
		213B982120919E450099E6ED /* SocketChatManagerDelegate.swift in Sources */ = {isa = PBXBuildFile; fileRef = 213B980B20919E450099E6ED /* SocketChatManagerDelegate.swift */; };
		213B982220919E450099E6ED /* FriendModel.swift in Sources */ = {isa = PBXBuildFile; fileRef = 213B980E20919E450099E6ED /* FriendModel.swift */; };
		213B982320919E450099E6ED /* MessageModel.swift in Sources */ = {isa = PBXBuildFile; fileRef = 213B980F20919E450099E6ED /* MessageModel.swift */; };
		213B982420919E450099E6ED /* SocketCommon.swift in Sources */ = {isa = PBXBuildFile; fileRef = 213B981020919E450099E6ED /* SocketCommon.swift */; };
		213B982520919E450099E6ED /* SocketEmitType.swift in Sources */ = {isa = PBXBuildFile; fileRef = 213B981120919E450099E6ED /* SocketEmitType.swift */; };
		213B982620919E450099E6ED /* SocketErrorType.swift in Sources */ = {isa = PBXBuildFile; fileRef = 213B981220919E450099E6ED /* SocketErrorType.swift */; };
		213B982720919E450099E6ED /* SocketContactManager.swift in Sources */ = {isa = PBXBuildFile; fileRef = 213B981420919E450099E6ED /* SocketContactManager.swift */; };
		213B982820919E450099E6ED /* SocketContactManagerDelegate.swift in Sources */ = {isa = PBXBuildFile; fileRef = 213B981520919E450099E6ED /* SocketContactManagerDelegate.swift */; };
		213B982A20919E450099E6ED /* SocketBusinessManager.swift in Sources */ = {isa = PBXBuildFile; fileRef = 213B981720919E450099E6ED /* SocketBusinessManager.swift */; };
		213B982B20919E450099E6ED /* SocketIOManager.swift in Sources */ = {isa = PBXBuildFile; fileRef = 213B981820919E450099E6ED /* SocketIOManager.swift */; };
		213B982C20919E450099E6ED /* SocketMessageModel.swift in Sources */ = {isa = PBXBuildFile; fileRef = 213B981920919E450099E6ED /* SocketMessageModel.swift */; };
		213B982D20919E450099E6ED /* HttpConnect.swift in Sources */ = {isa = PBXBuildFile; fileRef = 213B981B20919E450099E6ED /* HttpConnect.swift */; };
		213B982E20919E450099E6ED /* NetworkPlugin.swift in Sources */ = {isa = PBXBuildFile; fileRef = 213B981C20919E450099E6ED /* NetworkPlugin.swift */; };
		213B982F20919E450099E6ED /* Response+UserNetwork.swift in Sources */ = {isa = PBXBuildFile; fileRef = 213B981D20919E450099E6ED /* Response+UserNetwork.swift */; };
		213B983020919E450099E6ED /* UserNetwork.swift in Sources */ = {isa = PBXBuildFile; fileRef = 213B981E20919E450099E6ED /* UserNetwork.swift */; };
		213B98332091B77E0099E6ED /* ContactModel.swift in Sources */ = {isa = PBXBuildFile; fileRef = 213B98322091B77E0099E6ED /* ContactModel.swift */; };
		213B98352091F1550099E6ED /* SocketContactManager+ReceiveFunctions.swift in Sources */ = {isa = PBXBuildFile; fileRef = 213B98342091F1550099E6ED /* SocketContactManager+ReceiveFunctions.swift */; };
		213B98392093095A0099E6ED /* SocketConversationModel.swift in Sources */ = {isa = PBXBuildFile; fileRef = 213B98382093095A0099E6ED /* SocketConversationModel.swift */; };
		213B983B209317640099E6ED /* SocketMessage.swift in Sources */ = {isa = PBXBuildFile; fileRef = 213B983A209317640099E6ED /* SocketMessage.swift */; };
		213B983D20931C720099E6ED /* SocketMessageBody.swift in Sources */ = {isa = PBXBuildFile; fileRef = 213B983C20931C720099E6ED /* SocketMessageBody.swift */; };
		21446E6B208DD71E00004D6A /* AddFriendCell.swift in Sources */ = {isa = PBXBuildFile; fileRef = 21446E5F208DD71E00004D6A /* AddFriendCell.swift */; };
		21446E6C208DD71E00004D6A /* AddFriendCell.xib in Resources */ = {isa = PBXBuildFile; fileRef = 21446E60208DD71E00004D6A /* AddFriendCell.xib */; };
		21446E6D208DD71E00004D6A /* ChatCell.swift in Sources */ = {isa = PBXBuildFile; fileRef = 21446E61208DD71E00004D6A /* ChatCell.swift */; };
		21446E6E208DD71E00004D6A /* ChatCell.xib in Resources */ = {isa = PBXBuildFile; fileRef = 21446E62208DD71E00004D6A /* ChatCell.xib */; };
		21446E6F208DD71E00004D6A /* ChatVC.swift in Sources */ = {isa = PBXBuildFile; fileRef = 21446E63208DD71E00004D6A /* ChatVC.swift */; };
		21446E70208DD71E00004D6A /* ChatVC.xib in Resources */ = {isa = PBXBuildFile; fileRef = 21446E64208DD71E00004D6A /* ChatVC.xib */; };
		21446E71208DD71E00004D6A /* FriendsListVC.swift in Sources */ = {isa = PBXBuildFile; fileRef = 21446E65208DD71E00004D6A /* FriendsListVC.swift */; };
		21446E72208DD71E00004D6A /* FriendsListVC.xib in Resources */ = {isa = PBXBuildFile; fileRef = 21446E66208DD71E00004D6A /* FriendsListVC.xib */; };
		21446E73208DD71E00004D6A /* FriendsMessageVC.swift in Sources */ = {isa = PBXBuildFile; fileRef = 21446E67208DD71E00004D6A /* FriendsMessageVC.swift */; };
		21446E74208DD71E00004D6A /* FriendsMessageVC.xib in Resources */ = {isa = PBXBuildFile; fileRef = 21446E68208DD71E00004D6A /* FriendsMessageVC.xib */; };
		21446E75208DD71E00004D6A /* OtherChatCell.swift in Sources */ = {isa = PBXBuildFile; fileRef = 21446E69208DD71E00004D6A /* OtherChatCell.swift */; };
		21446E76208DD71E00004D6A /* OtherChatCell.xib in Resources */ = {isa = PBXBuildFile; fileRef = 21446E6A208DD71E00004D6A /* OtherChatCell.xib */; };
		215718E22080A48A006F8ACD /* UserInfo.swift in Sources */ = {isa = PBXBuildFile; fileRef = 215718D42080A489006F8ACD /* UserInfo.swift */; };
		215718E32080A48A006F8ACD /* BaseViewController.swift in Sources */ = {isa = PBXBuildFile; fileRef = 215718D62080A48A006F8ACD /* BaseViewController.swift */; };
		215718E42080A48A006F8ACD /* MenuViewController.swift in Sources */ = {isa = PBXBuildFile; fileRef = 215718D72080A48A006F8ACD /* MenuViewController.swift */; };
		215718E52080A48A006F8ACD /* MenuViewController.xib in Resources */ = {isa = PBXBuildFile; fileRef = 215718D82080A48A006F8ACD /* MenuViewController.xib */; };
		215718E62080A48A006F8ACD /* RegisterVC.swift in Sources */ = {isa = PBXBuildFile; fileRef = 215718D92080A48A006F8ACD /* RegisterVC.swift */; };
		215718E72080A48A006F8ACD /* ViewController.swift in Sources */ = {isa = PBXBuildFile; fileRef = 215718DA2080A48A006F8ACD /* ViewController.swift */; };
		2170EFD1207C9482009A890B /* AppDelegate.swift in Sources */ = {isa = PBXBuildFile; fileRef = 2170EFD0207C9482009A890B /* AppDelegate.swift */; };
		2170EFD6207C9482009A890B /* Main.storyboard in Resources */ = {isa = PBXBuildFile; fileRef = 2170EFD4207C9482009A890B /* Main.storyboard */; };
		2170EFD8207C9484009A890B /* Assets.xcassets in Resources */ = {isa = PBXBuildFile; fileRef = 2170EFD7207C9484009A890B /* Assets.xcassets */; };
		2170EFDB207C9484009A890B /* LaunchScreen.storyboard in Resources */ = {isa = PBXBuildFile; fileRef = 2170EFD9207C9484009A890B /* LaunchScreen.storyboard */; };
		2170EFE6207C9484009A890B /* IM_SocketIO_DemoTests.swift in Sources */ = {isa = PBXBuildFile; fileRef = 2170EFE5207C9484009A890B /* IM_SocketIO_DemoTests.swift */; };
		2170EFF1207C9484009A890B /* IM_SocketIO_DemoUITests.swift in Sources */ = {isa = PBXBuildFile; fileRef = 2170EFF0207C9484009A890B /* IM_SocketIO_DemoUITests.swift */; };
		6299B16AA97B40131D3A9FEF /* Pods_IM_SocketIO_DemoUITests.framework in Frameworks */ = {isa = PBXBuildFile; fileRef = A391E94D86459EB236CC96CC /* Pods_IM_SocketIO_DemoUITests.framework */; };
		78F716887A899EB85BE8E512 /* Pods_IM_SocketIO_DemoTests.framework in Frameworks */ = {isa = PBXBuildFile; fileRef = BEC3B4CA65E2C0AFBF40F6FB /* Pods_IM_SocketIO_DemoTests.framework */; };
		A44E86A5FC2AE7745DE7EDF7 /* Pods_IM_SocketIO_Demo.framework in Frameworks */ = {isa = PBXBuildFile; fileRef = 535E7C8E8B1467C5874C23A7 /* Pods_IM_SocketIO_Demo.framework */; };
/* End PBXBuildFile section */

/* Begin PBXContainerItemProxy section */
		2170EFE2207C9484009A890B /* PBXContainerItemProxy */ = {
			isa = PBXContainerItemProxy;
			containerPortal = 2170EFC5207C9482009A890B /* Project object */;
			proxyType = 1;
			remoteGlobalIDString = 2170EFCC207C9482009A890B;
			remoteInfo = IM_SocketIO_Demo;
		};
		2170EFED207C9484009A890B /* PBXContainerItemProxy */ = {
			isa = PBXContainerItemProxy;
			containerPortal = 2170EFC5207C9482009A890B /* Project object */;
			proxyType = 1;
			remoteGlobalIDString = 2170EFCC207C9482009A890B;
			remoteInfo = IM_SocketIO_Demo;
		};
/* End PBXContainerItemProxy section */

/* Begin PBXFileReference section */
		122ADE90B0D586F7C8A940CB /* Pods-IM_SocketIO_Demo.release.xcconfig */ = {isa = PBXFileReference; includeInIndex = 1; lastKnownFileType = text.xcconfig; name = "Pods-IM_SocketIO_Demo.release.xcconfig"; path = "Pods/Target Support Files/Pods-IM_SocketIO_Demo/Pods-IM_SocketIO_Demo.release.xcconfig"; sourceTree = "<group>"; };
		213B980920919E450099E6ED /* SocketChatManager+ReceiveFunctions.swift */ = {isa = PBXFileReference; fileEncoding = 4; lastKnownFileType = sourcecode.swift; path = "SocketChatManager+ReceiveFunctions.swift"; sourceTree = "<group>"; };
		213B980A20919E450099E6ED /* SocketChatManager.swift */ = {isa = PBXFileReference; fileEncoding = 4; lastKnownFileType = sourcecode.swift; path = SocketChatManager.swift; sourceTree = "<group>"; };
		213B980B20919E450099E6ED /* SocketChatManagerDelegate.swift */ = {isa = PBXFileReference; fileEncoding = 4; lastKnownFileType = sourcecode.swift; path = SocketChatManagerDelegate.swift; sourceTree = "<group>"; };
		213B980E20919E450099E6ED /* FriendModel.swift */ = {isa = PBXFileReference; fileEncoding = 4; lastKnownFileType = sourcecode.swift; path = FriendModel.swift; sourceTree = "<group>"; };
		213B980F20919E450099E6ED /* MessageModel.swift */ = {isa = PBXFileReference; fileEncoding = 4; lastKnownFileType = sourcecode.swift; path = MessageModel.swift; sourceTree = "<group>"; };
		213B981020919E450099E6ED /* SocketCommon.swift */ = {isa = PBXFileReference; fileEncoding = 4; lastKnownFileType = sourcecode.swift; path = SocketCommon.swift; sourceTree = "<group>"; };
		213B981120919E450099E6ED /* SocketEmitType.swift */ = {isa = PBXFileReference; fileEncoding = 4; lastKnownFileType = sourcecode.swift; path = SocketEmitType.swift; sourceTree = "<group>"; };
		213B981220919E450099E6ED /* SocketErrorType.swift */ = {isa = PBXFileReference; fileEncoding = 4; lastKnownFileType = sourcecode.swift; path = SocketErrorType.swift; sourceTree = "<group>"; };
		213B981420919E450099E6ED /* SocketContactManager.swift */ = {isa = PBXFileReference; fileEncoding = 4; lastKnownFileType = sourcecode.swift; path = SocketContactManager.swift; sourceTree = "<group>"; };
		213B981520919E450099E6ED /* SocketContactManagerDelegate.swift */ = {isa = PBXFileReference; fileEncoding = 4; lastKnownFileType = sourcecode.swift; path = SocketContactManagerDelegate.swift; sourceTree = "<group>"; };
		213B981720919E450099E6ED /* SocketBusinessManager.swift */ = {isa = PBXFileReference; fileEncoding = 4; lastKnownFileType = sourcecode.swift; path = SocketBusinessManager.swift; sourceTree = "<group>"; };
		213B981820919E450099E6ED /* SocketIOManager.swift */ = {isa = PBXFileReference; fileEncoding = 4; lastKnownFileType = sourcecode.swift; path = SocketIOManager.swift; sourceTree = "<group>"; };
		213B981920919E450099E6ED /* SocketMessageModel.swift */ = {isa = PBXFileReference; fileEncoding = 4; lastKnownFileType = sourcecode.swift; path = SocketMessageModel.swift; sourceTree = "<group>"; };
		213B981B20919E450099E6ED /* HttpConnect.swift */ = {isa = PBXFileReference; fileEncoding = 4; lastKnownFileType = sourcecode.swift; path = HttpConnect.swift; sourceTree = "<group>"; };
		213B981C20919E450099E6ED /* NetworkPlugin.swift */ = {isa = PBXFileReference; fileEncoding = 4; lastKnownFileType = sourcecode.swift; path = NetworkPlugin.swift; sourceTree = "<group>"; };
		213B981D20919E450099E6ED /* Response+UserNetwork.swift */ = {isa = PBXFileReference; fileEncoding = 4; lastKnownFileType = sourcecode.swift; path = "Response+UserNetwork.swift"; sourceTree = "<group>"; };
		213B981E20919E450099E6ED /* UserNetwork.swift */ = {isa = PBXFileReference; fileEncoding = 4; lastKnownFileType = sourcecode.swift; path = UserNetwork.swift; sourceTree = "<group>"; };
		213B98322091B77E0099E6ED /* ContactModel.swift */ = {isa = PBXFileReference; lastKnownFileType = sourcecode.swift; path = ContactModel.swift; sourceTree = "<group>"; };
		213B98342091F1550099E6ED /* SocketContactManager+ReceiveFunctions.swift */ = {isa = PBXFileReference; lastKnownFileType = sourcecode.swift; path = "SocketContactManager+ReceiveFunctions.swift"; sourceTree = "<group>"; };
		213B98382093095A0099E6ED /* SocketConversationModel.swift */ = {isa = PBXFileReference; lastKnownFileType = sourcecode.swift; path = SocketConversationModel.swift; sourceTree = "<group>"; };
		213B983A209317640099E6ED /* SocketMessage.swift */ = {isa = PBXFileReference; lastKnownFileType = sourcecode.swift; path = SocketMessage.swift; sourceTree = "<group>"; };
		213B983C20931C720099E6ED /* SocketMessageBody.swift */ = {isa = PBXFileReference; lastKnownFileType = sourcecode.swift; path = SocketMessageBody.swift; sourceTree = "<group>"; };
		21446E5F208DD71E00004D6A /* AddFriendCell.swift */ = {isa = PBXFileReference; fileEncoding = 4; lastKnownFileType = sourcecode.swift; path = AddFriendCell.swift; sourceTree = "<group>"; };
		21446E60208DD71E00004D6A /* AddFriendCell.xib */ = {isa = PBXFileReference; fileEncoding = 4; lastKnownFileType = file.xib; path = AddFriendCell.xib; sourceTree = "<group>"; };
		21446E61208DD71E00004D6A /* ChatCell.swift */ = {isa = PBXFileReference; fileEncoding = 4; lastKnownFileType = sourcecode.swift; path = ChatCell.swift; sourceTree = "<group>"; };
		21446E62208DD71E00004D6A /* ChatCell.xib */ = {isa = PBXFileReference; fileEncoding = 4; lastKnownFileType = file.xib; path = ChatCell.xib; sourceTree = "<group>"; };
		21446E63208DD71E00004D6A /* ChatVC.swift */ = {isa = PBXFileReference; fileEncoding = 4; lastKnownFileType = sourcecode.swift; path = ChatVC.swift; sourceTree = "<group>"; };
		21446E64208DD71E00004D6A /* ChatVC.xib */ = {isa = PBXFileReference; fileEncoding = 4; lastKnownFileType = file.xib; path = ChatVC.xib; sourceTree = "<group>"; };
		21446E65208DD71E00004D6A /* FriendsListVC.swift */ = {isa = PBXFileReference; fileEncoding = 4; lastKnownFileType = sourcecode.swift; path = FriendsListVC.swift; sourceTree = "<group>"; };
		21446E66208DD71E00004D6A /* FriendsListVC.xib */ = {isa = PBXFileReference; fileEncoding = 4; lastKnownFileType = file.xib; path = FriendsListVC.xib; sourceTree = "<group>"; };
		21446E67208DD71E00004D6A /* FriendsMessageVC.swift */ = {isa = PBXFileReference; fileEncoding = 4; lastKnownFileType = sourcecode.swift; path = FriendsMessageVC.swift; sourceTree = "<group>"; };
		21446E68208DD71E00004D6A /* FriendsMessageVC.xib */ = {isa = PBXFileReference; fileEncoding = 4; lastKnownFileType = file.xib; path = FriendsMessageVC.xib; sourceTree = "<group>"; };
		21446E69208DD71E00004D6A /* OtherChatCell.swift */ = {isa = PBXFileReference; fileEncoding = 4; lastKnownFileType = sourcecode.swift; path = OtherChatCell.swift; sourceTree = "<group>"; };
		21446E6A208DD71E00004D6A /* OtherChatCell.xib */ = {isa = PBXFileReference; fileEncoding = 4; lastKnownFileType = file.xib; path = OtherChatCell.xib; sourceTree = "<group>"; };
		215718D42080A489006F8ACD /* UserInfo.swift */ = {isa = PBXFileReference; fileEncoding = 4; lastKnownFileType = sourcecode.swift; path = UserInfo.swift; sourceTree = "<group>"; };
		215718D62080A48A006F8ACD /* BaseViewController.swift */ = {isa = PBXFileReference; fileEncoding = 4; lastKnownFileType = sourcecode.swift; path = BaseViewController.swift; sourceTree = "<group>"; };
		215718D72080A48A006F8ACD /* MenuViewController.swift */ = {isa = PBXFileReference; fileEncoding = 4; lastKnownFileType = sourcecode.swift; path = MenuViewController.swift; sourceTree = "<group>"; };
		215718D82080A48A006F8ACD /* MenuViewController.xib */ = {isa = PBXFileReference; fileEncoding = 4; lastKnownFileType = file.xib; path = MenuViewController.xib; sourceTree = "<group>"; };
		215718D92080A48A006F8ACD /* RegisterVC.swift */ = {isa = PBXFileReference; fileEncoding = 4; lastKnownFileType = sourcecode.swift; path = RegisterVC.swift; sourceTree = "<group>"; };
		215718DA2080A48A006F8ACD /* ViewController.swift */ = {isa = PBXFileReference; fileEncoding = 4; lastKnownFileType = sourcecode.swift; path = ViewController.swift; sourceTree = "<group>"; };
		2170EFCD207C9482009A890B /* IM_SocketIO_Demo.app */ = {isa = PBXFileReference; explicitFileType = wrapper.application; includeInIndex = 0; path = IM_SocketIO_Demo.app; sourceTree = BUILT_PRODUCTS_DIR; };
		2170EFD0207C9482009A890B /* AppDelegate.swift */ = {isa = PBXFileReference; lastKnownFileType = sourcecode.swift; path = AppDelegate.swift; sourceTree = "<group>"; };
		2170EFD5207C9482009A890B /* Base */ = {isa = PBXFileReference; lastKnownFileType = file.storyboard; name = Base; path = Base.lproj/Main.storyboard; sourceTree = "<group>"; };
		2170EFD7207C9484009A890B /* Assets.xcassets */ = {isa = PBXFileReference; lastKnownFileType = folder.assetcatalog; path = Assets.xcassets; sourceTree = "<group>"; };
		2170EFDA207C9484009A890B /* Base */ = {isa = PBXFileReference; lastKnownFileType = file.storyboard; name = Base; path = Base.lproj/LaunchScreen.storyboard; sourceTree = "<group>"; };
		2170EFDC207C9484009A890B /* Info.plist */ = {isa = PBXFileReference; lastKnownFileType = text.plist.xml; path = Info.plist; sourceTree = "<group>"; };
		2170EFE1207C9484009A890B /* IM_SocketIO_DemoTests.xctest */ = {isa = PBXFileReference; explicitFileType = wrapper.cfbundle; includeInIndex = 0; path = IM_SocketIO_DemoTests.xctest; sourceTree = BUILT_PRODUCTS_DIR; };
		2170EFE5207C9484009A890B /* IM_SocketIO_DemoTests.swift */ = {isa = PBXFileReference; lastKnownFileType = sourcecode.swift; path = IM_SocketIO_DemoTests.swift; sourceTree = "<group>"; };
		2170EFE7207C9484009A890B /* Info.plist */ = {isa = PBXFileReference; lastKnownFileType = text.plist.xml; path = Info.plist; sourceTree = "<group>"; };
		2170EFEC207C9484009A890B /* IM_SocketIO_DemoUITests.xctest */ = {isa = PBXFileReference; explicitFileType = wrapper.cfbundle; includeInIndex = 0; path = IM_SocketIO_DemoUITests.xctest; sourceTree = BUILT_PRODUCTS_DIR; };
		2170EFF0207C9484009A890B /* IM_SocketIO_DemoUITests.swift */ = {isa = PBXFileReference; lastKnownFileType = sourcecode.swift; path = IM_SocketIO_DemoUITests.swift; sourceTree = "<group>"; };
		2170EFF2207C9484009A890B /* Info.plist */ = {isa = PBXFileReference; lastKnownFileType = text.plist.xml; path = Info.plist; sourceTree = "<group>"; };
		41F83757D53A4CEAE402A556 /* Pods-IM_SocketIO_DemoTests.debug.xcconfig */ = {isa = PBXFileReference; includeInIndex = 1; lastKnownFileType = text.xcconfig; name = "Pods-IM_SocketIO_DemoTests.debug.xcconfig"; path = "Pods/Target Support Files/Pods-IM_SocketIO_DemoTests/Pods-IM_SocketIO_DemoTests.debug.xcconfig"; sourceTree = "<group>"; };
		535E7C8E8B1467C5874C23A7 /* Pods_IM_SocketIO_Demo.framework */ = {isa = PBXFileReference; explicitFileType = wrapper.framework; includeInIndex = 0; path = Pods_IM_SocketIO_Demo.framework; sourceTree = BUILT_PRODUCTS_DIR; };
		6406989872543ABF3CD95CFA /* Pods-IM_SocketIO_DemoUITests.debug.xcconfig */ = {isa = PBXFileReference; includeInIndex = 1; lastKnownFileType = text.xcconfig; name = "Pods-IM_SocketIO_DemoUITests.debug.xcconfig"; path = "Pods/Target Support Files/Pods-IM_SocketIO_DemoUITests/Pods-IM_SocketIO_DemoUITests.debug.xcconfig"; sourceTree = "<group>"; };
		6C962E04C00855A4813009EF /* Pods-IM_SocketIO_DemoUITests.release.xcconfig */ = {isa = PBXFileReference; includeInIndex = 1; lastKnownFileType = text.xcconfig; name = "Pods-IM_SocketIO_DemoUITests.release.xcconfig"; path = "Pods/Target Support Files/Pods-IM_SocketIO_DemoUITests/Pods-IM_SocketIO_DemoUITests.release.xcconfig"; sourceTree = "<group>"; };
		7C52BA266DB6036BBB22C7F0 /* Pods-IM_SocketIO_DemoTests.release.xcconfig */ = {isa = PBXFileReference; includeInIndex = 1; lastKnownFileType = text.xcconfig; name = "Pods-IM_SocketIO_DemoTests.release.xcconfig"; path = "Pods/Target Support Files/Pods-IM_SocketIO_DemoTests/Pods-IM_SocketIO_DemoTests.release.xcconfig"; sourceTree = "<group>"; };
		96B9E11A1DEFF145EBF4D9A7 /* Pods-IM_SocketIO_Demo.debug.xcconfig */ = {isa = PBXFileReference; includeInIndex = 1; lastKnownFileType = text.xcconfig; name = "Pods-IM_SocketIO_Demo.debug.xcconfig"; path = "Pods/Target Support Files/Pods-IM_SocketIO_Demo/Pods-IM_SocketIO_Demo.debug.xcconfig"; sourceTree = "<group>"; };
		A391E94D86459EB236CC96CC /* Pods_IM_SocketIO_DemoUITests.framework */ = {isa = PBXFileReference; explicitFileType = wrapper.framework; includeInIndex = 0; path = Pods_IM_SocketIO_DemoUITests.framework; sourceTree = BUILT_PRODUCTS_DIR; };
		BEC3B4CA65E2C0AFBF40F6FB /* Pods_IM_SocketIO_DemoTests.framework */ = {isa = PBXFileReference; explicitFileType = wrapper.framework; includeInIndex = 0; path = Pods_IM_SocketIO_DemoTests.framework; sourceTree = BUILT_PRODUCTS_DIR; };
/* End PBXFileReference section */

/* Begin PBXFrameworksBuildPhase section */
		2170EFCA207C9482009A890B /* Frameworks */ = {
			isa = PBXFrameworksBuildPhase;
			buildActionMask = 2147483647;
			files = (
				A44E86A5FC2AE7745DE7EDF7 /* Pods_IM_SocketIO_Demo.framework in Frameworks */,
			);
			runOnlyForDeploymentPostprocessing = 0;
		};
		2170EFDE207C9484009A890B /* Frameworks */ = {
			isa = PBXFrameworksBuildPhase;
			buildActionMask = 2147483647;
			files = (
				78F716887A899EB85BE8E512 /* Pods_IM_SocketIO_DemoTests.framework in Frameworks */,
			);
			runOnlyForDeploymentPostprocessing = 0;
		};
		2170EFE9207C9484009A890B /* Frameworks */ = {
			isa = PBXFrameworksBuildPhase;
			buildActionMask = 2147483647;
			files = (
				6299B16AA97B40131D3A9FEF /* Pods_IM_SocketIO_DemoUITests.framework in Frameworks */,
			);
			runOnlyForDeploymentPostprocessing = 0;
		};
/* End PBXFrameworksBuildPhase section */

/* Begin PBXGroup section */
		213B980620919E450099E6ED /* IM */ = {
			isa = PBXGroup;
			children = (
				213B983120919EDA0099E6ED /* 共用 */,
				213B980720919E450099E6ED /* Socket连接 */,
				213B981A20919E450099E6ED /* 网络请求 */,
			);
			path = IM;
			sourceTree = "<group>";
		};
		213B980720919E450099E6ED /* Socket连接 */ = {
			isa = PBXGroup;
			children = (
				213B980820919E450099E6ED /* Chat */,
				213B980C20919E450099E6ED /* Common */,
				213B981320919E450099E6ED /* Contact */,
				213B981720919E450099E6ED /* SocketBusinessManager.swift */,
				213B981820919E450099E6ED /* SocketIOManager.swift */,
				213B981920919E450099E6ED /* SocketMessageModel.swift */,
			);
			path = "Socket连接";
			sourceTree = "<group>";
		};
		213B980820919E450099E6ED /* Chat */ = {
			isa = PBXGroup;
			children = (
				213B980920919E450099E6ED /* SocketChatManager+ReceiveFunctions.swift */,
				213B980A20919E450099E6ED /* SocketChatManager.swift */,
				213B980B20919E450099E6ED /* SocketChatManagerDelegate.swift */,
			);
			path = Chat;
			sourceTree = "<group>";
		};
		213B980C20919E450099E6ED /* Common */ = {
			isa = PBXGroup;
			children = (
				213B980D20919E450099E6ED /* Model */,
				213B981120919E450099E6ED /* SocketEmitType.swift */,
			);
			path = Common;
			sourceTree = "<group>";
		};
		213B980D20919E450099E6ED /* Model */ = {
			isa = PBXGroup;
			children = (
				213B980E20919E450099E6ED /* FriendModel.swift */,
				213B980F20919E450099E6ED /* MessageModel.swift */,
				213B98322091B77E0099E6ED /* ContactModel.swift */,
				213B98382093095A0099E6ED /* SocketConversationModel.swift */,
				213B983A209317640099E6ED /* SocketMessage.swift */,
				213B983C20931C720099E6ED /* SocketMessageBody.swift */,
			);
			path = Model;
			sourceTree = "<group>";
		};
		213B981320919E450099E6ED /* Contact */ = {
			isa = PBXGroup;
			children = (
				213B981420919E450099E6ED /* SocketContactManager.swift */,
				213B981520919E450099E6ED /* SocketContactManagerDelegate.swift */,
				213B98342091F1550099E6ED /* SocketContactManager+ReceiveFunctions.swift */,
			);
			path = Contact;
			sourceTree = "<group>";
		};
		213B981A20919E450099E6ED /* 网络请求 */ = {
			isa = PBXGroup;
			children = (
				213B981B20919E450099E6ED /* HttpConnect.swift */,
				213B981C20919E450099E6ED /* NetworkPlugin.swift */,
				213B981D20919E450099E6ED /* Response+UserNetwork.swift */,
				213B981E20919E450099E6ED /* UserNetwork.swift */,
			);
			path = "网络请求";
			sourceTree = "<group>";
		};
		213B983120919EDA0099E6ED /* 共用 */ = {
			isa = PBXGroup;
			children = (
				215718D42080A489006F8ACD /* UserInfo.swift */,
				213B981020919E450099E6ED /* SocketCommon.swift */,
				213B981220919E450099E6ED /* SocketErrorType.swift */,
			);
			path = "共用";
			sourceTree = "<group>";
		};
		21446E5E208DD71E00004D6A /* 好友和聊天 */ = {
			isa = PBXGroup;
			children = (
				21446E5F208DD71E00004D6A /* AddFriendCell.swift */,
				21446E60208DD71E00004D6A /* AddFriendCell.xib */,
				21446E61208DD71E00004D6A /* ChatCell.swift */,
				21446E62208DD71E00004D6A /* ChatCell.xib */,
				21446E63208DD71E00004D6A /* ChatVC.swift */,
				21446E64208DD71E00004D6A /* ChatVC.xib */,
				21446E65208DD71E00004D6A /* FriendsListVC.swift */,
				21446E66208DD71E00004D6A /* FriendsListVC.xib */,
				21446E67208DD71E00004D6A /* FriendsMessageVC.swift */,
				21446E68208DD71E00004D6A /* FriendsMessageVC.xib */,
				21446E69208DD71E00004D6A /* OtherChatCell.swift */,
				21446E6A208DD71E00004D6A /* OtherChatCell.xib */,
			);
			path = "好友和聊天";
			sourceTree = "<group>";
		};
		21446E77208DD73F00004D6A /* 群组 */ = {
			isa = PBXGroup;
			children = (
			);
			path = "群组";
			sourceTree = "<group>";
		};
		215718D52080A48A006F8ACD /* 页面 */ = {
			isa = PBXGroup;
			children = (
				21446E77208DD73F00004D6A /* 群组 */,
				21446E5E208DD71E00004D6A /* 好友和聊天 */,
				215718D62080A48A006F8ACD /* BaseViewController.swift */,
				215718D72080A48A006F8ACD /* MenuViewController.swift */,
				215718D82080A48A006F8ACD /* MenuViewController.xib */,
				215718D92080A48A006F8ACD /* RegisterVC.swift */,
				215718DA2080A48A006F8ACD /* ViewController.swift */,
			);
			path = "页面";
			sourceTree = "<group>";
		};
		2170EFC4207C9482009A890B = {
			isa = PBXGroup;
			children = (
				2170EFCF207C9482009A890B /* IM_SocketIO_Demo */,
				2170EFE4207C9484009A890B /* IM_SocketIO_DemoTests */,
				2170EFEF207C9484009A890B /* IM_SocketIO_DemoUITests */,
				2170EFCE207C9482009A890B /* Products */,
				7B9583CEE7B6469925B2A109 /* Pods */,
				8B90B0EEC5F058C7A220A540 /* Frameworks */,
			);
			sourceTree = "<group>";
		};
		2170EFCE207C9482009A890B /* Products */ = {
			isa = PBXGroup;
			children = (
				2170EFCD207C9482009A890B /* IM_SocketIO_Demo.app */,
				2170EFE1207C9484009A890B /* IM_SocketIO_DemoTests.xctest */,
				2170EFEC207C9484009A890B /* IM_SocketIO_DemoUITests.xctest */,
			);
			name = Products;
			sourceTree = "<group>";
		};
		2170EFCF207C9482009A890B /* IM_SocketIO_Demo */ = {
			isa = PBXGroup;
			children = (
				213B980620919E450099E6ED /* IM */,
				215718D52080A48A006F8ACD /* 页面 */,
				2170EFD0207C9482009A890B /* AppDelegate.swift */,
				2170EFD4207C9482009A890B /* Main.storyboard */,
				2170EFD7207C9484009A890B /* Assets.xcassets */,
				2170EFD9207C9484009A890B /* LaunchScreen.storyboard */,
				2170EFDC207C9484009A890B /* Info.plist */,
			);
			path = IM_SocketIO_Demo;
			sourceTree = "<group>";
		};
		2170EFE4207C9484009A890B /* IM_SocketIO_DemoTests */ = {
			isa = PBXGroup;
			children = (
				2170EFE5207C9484009A890B /* IM_SocketIO_DemoTests.swift */,
				2170EFE7207C9484009A890B /* Info.plist */,
			);
			path = IM_SocketIO_DemoTests;
			sourceTree = "<group>";
		};
		2170EFEF207C9484009A890B /* IM_SocketIO_DemoUITests */ = {
			isa = PBXGroup;
			children = (
				2170EFF0207C9484009A890B /* IM_SocketIO_DemoUITests.swift */,
				2170EFF2207C9484009A890B /* Info.plist */,
			);
			path = IM_SocketIO_DemoUITests;
			sourceTree = "<group>";
		};
		7B9583CEE7B6469925B2A109 /* Pods */ = {
			isa = PBXGroup;
			children = (
				96B9E11A1DEFF145EBF4D9A7 /* Pods-IM_SocketIO_Demo.debug.xcconfig */,
				122ADE90B0D586F7C8A940CB /* Pods-IM_SocketIO_Demo.release.xcconfig */,
				41F83757D53A4CEAE402A556 /* Pods-IM_SocketIO_DemoTests.debug.xcconfig */,
				7C52BA266DB6036BBB22C7F0 /* Pods-IM_SocketIO_DemoTests.release.xcconfig */,
				6406989872543ABF3CD95CFA /* Pods-IM_SocketIO_DemoUITests.debug.xcconfig */,
				6C962E04C00855A4813009EF /* Pods-IM_SocketIO_DemoUITests.release.xcconfig */,
			);
			name = Pods;
			sourceTree = "<group>";
		};
		8B90B0EEC5F058C7A220A540 /* Frameworks */ = {
			isa = PBXGroup;
			children = (
				535E7C8E8B1467C5874C23A7 /* Pods_IM_SocketIO_Demo.framework */,
				BEC3B4CA65E2C0AFBF40F6FB /* Pods_IM_SocketIO_DemoTests.framework */,
				A391E94D86459EB236CC96CC /* Pods_IM_SocketIO_DemoUITests.framework */,
			);
			name = Frameworks;
			sourceTree = "<group>";
		};
/* End PBXGroup section */

/* Begin PBXNativeTarget section */
		2170EFCC207C9482009A890B /* IM_SocketIO_Demo */ = {
			isa = PBXNativeTarget;
			buildConfigurationList = 2170EFF5207C9484009A890B /* Build configuration list for PBXNativeTarget "IM_SocketIO_Demo" */;
			buildPhases = (
				9DAA036806396D0AC94EFCDB /* [CP] Check Pods Manifest.lock */,
				2170EFC9207C9482009A890B /* Sources */,
				2170EFCA207C9482009A890B /* Frameworks */,
				2170EFCB207C9482009A890B /* Resources */,
				F2523D63ED0BB93C56D29D0B /* [CP] Embed Pods Frameworks */,
			);
			buildRules = (
			);
			dependencies = (
			);
			name = IM_SocketIO_Demo;
			productName = IM_SocketIO_Demo;
			productReference = 2170EFCD207C9482009A890B /* IM_SocketIO_Demo.app */;
			productType = "com.apple.product-type.application";
		};
		2170EFE0207C9484009A890B /* IM_SocketIO_DemoTests */ = {
			isa = PBXNativeTarget;
			buildConfigurationList = 2170EFF8207C9484009A890B /* Build configuration list for PBXNativeTarget "IM_SocketIO_DemoTests" */;
			buildPhases = (
				FAF62F85A66A52A8888171EE /* [CP] Check Pods Manifest.lock */,
				2170EFDD207C9484009A890B /* Sources */,
				2170EFDE207C9484009A890B /* Frameworks */,
				2170EFDF207C9484009A890B /* Resources */,
			);
			buildRules = (
			);
			dependencies = (
				2170EFE3207C9484009A890B /* PBXTargetDependency */,
			);
			name = IM_SocketIO_DemoTests;
			productName = IM_SocketIO_DemoTests;
			productReference = 2170EFE1207C9484009A890B /* IM_SocketIO_DemoTests.xctest */;
			productType = "com.apple.product-type.bundle.unit-test";
		};
		2170EFEB207C9484009A890B /* IM_SocketIO_DemoUITests */ = {
			isa = PBXNativeTarget;
			buildConfigurationList = 2170EFFB207C9484009A890B /* Build configuration list for PBXNativeTarget "IM_SocketIO_DemoUITests" */;
			buildPhases = (
				5409A70D94D3212306A34C69 /* [CP] Check Pods Manifest.lock */,
				2170EFE8207C9484009A890B /* Sources */,
				2170EFE9207C9484009A890B /* Frameworks */,
				2170EFEA207C9484009A890B /* Resources */,
			);
			buildRules = (
			);
			dependencies = (
				2170EFEE207C9484009A890B /* PBXTargetDependency */,
			);
			name = IM_SocketIO_DemoUITests;
			productName = IM_SocketIO_DemoUITests;
			productReference = 2170EFEC207C9484009A890B /* IM_SocketIO_DemoUITests.xctest */;
			productType = "com.apple.product-type.bundle.ui-testing";
		};
/* End PBXNativeTarget section */

/* Begin PBXProject section */
		2170EFC5207C9482009A890B /* Project object */ = {
			isa = PBXProject;
			attributes = {
				LastSwiftUpdateCheck = 0930;
				LastUpgradeCheck = 0930;
				ORGANIZATIONNAME = Wang;
				TargetAttributes = {
					2170EFCC207C9482009A890B = {
						CreatedOnToolsVersion = 9.3;
					};
					2170EFE0207C9484009A890B = {
						CreatedOnToolsVersion = 9.3;
						TestTargetID = 2170EFCC207C9482009A890B;
					};
					2170EFEB207C9484009A890B = {
						CreatedOnToolsVersion = 9.3;
						TestTargetID = 2170EFCC207C9482009A890B;
					};
				};
			};
			buildConfigurationList = 2170EFC8207C9482009A890B /* Build configuration list for PBXProject "IM_SocketIO_Demo" */;
			compatibilityVersion = "Xcode 9.3";
			developmentRegion = en;
			hasScannedForEncodings = 0;
			knownRegions = (
				en,
				Base,
			);
			mainGroup = 2170EFC4207C9482009A890B;
			productRefGroup = 2170EFCE207C9482009A890B /* Products */;
			projectDirPath = "";
			projectRoot = "";
			targets = (
				2170EFCC207C9482009A890B /* IM_SocketIO_Demo */,
				2170EFE0207C9484009A890B /* IM_SocketIO_DemoTests */,
				2170EFEB207C9484009A890B /* IM_SocketIO_DemoUITests */,
			);
		};
/* End PBXProject section */

/* Begin PBXResourcesBuildPhase section */
		2170EFCB207C9482009A890B /* Resources */ = {
			isa = PBXResourcesBuildPhase;
			buildActionMask = 2147483647;
			files = (
				2170EFDB207C9484009A890B /* LaunchScreen.storyboard in Resources */,
				21446E6E208DD71E00004D6A /* ChatCell.xib in Resources */,
				2170EFD8207C9484009A890B /* Assets.xcassets in Resources */,
				21446E74208DD71E00004D6A /* FriendsMessageVC.xib in Resources */,
				21446E76208DD71E00004D6A /* OtherChatCell.xib in Resources */,
				21446E72208DD71E00004D6A /* FriendsListVC.xib in Resources */,
				2170EFD6207C9482009A890B /* Main.storyboard in Resources */,
				21446E6C208DD71E00004D6A /* AddFriendCell.xib in Resources */,
				21446E70208DD71E00004D6A /* ChatVC.xib in Resources */,
				215718E52080A48A006F8ACD /* MenuViewController.xib in Resources */,
			);
			runOnlyForDeploymentPostprocessing = 0;
		};
		2170EFDF207C9484009A890B /* Resources */ = {
			isa = PBXResourcesBuildPhase;
			buildActionMask = 2147483647;
			files = (
			);
			runOnlyForDeploymentPostprocessing = 0;
		};
		2170EFEA207C9484009A890B /* Resources */ = {
			isa = PBXResourcesBuildPhase;
			buildActionMask = 2147483647;
			files = (
			);
			runOnlyForDeploymentPostprocessing = 0;
		};
/* End PBXResourcesBuildPhase section */

/* Begin PBXShellScriptBuildPhase section */
		5409A70D94D3212306A34C69 /* [CP] Check Pods Manifest.lock */ = {
			isa = PBXShellScriptBuildPhase;
			buildActionMask = 2147483647;
			files = (
			);
			inputPaths = (
				"${PODS_PODFILE_DIR_PATH}/Podfile.lock",
				"${PODS_ROOT}/Manifest.lock",
			);
			name = "[CP] Check Pods Manifest.lock";
			outputPaths = (
				"$(DERIVED_FILE_DIR)/Pods-IM_SocketIO_DemoUITests-checkManifestLockResult.txt",
			);
			runOnlyForDeploymentPostprocessing = 0;
			shellPath = /bin/sh;
			shellScript = "diff \"${PODS_PODFILE_DIR_PATH}/Podfile.lock\" \"${PODS_ROOT}/Manifest.lock\" > /dev/null\nif [ $? != 0 ] ; then\n    # print error to STDERR\n    echo \"error: The sandbox is not in sync with the Podfile.lock. Run 'pod install' or update your CocoaPods installation.\" >&2\n    exit 1\nfi\n# This output is used by Xcode 'outputs' to avoid re-running this script phase.\necho \"SUCCESS\" > \"${SCRIPT_OUTPUT_FILE_0}\"\n";
			showEnvVarsInLog = 0;
		};
		9DAA036806396D0AC94EFCDB /* [CP] Check Pods Manifest.lock */ = {
			isa = PBXShellScriptBuildPhase;
			buildActionMask = 2147483647;
			files = (
			);
			inputPaths = (
				"${PODS_PODFILE_DIR_PATH}/Podfile.lock",
				"${PODS_ROOT}/Manifest.lock",
			);
			name = "[CP] Check Pods Manifest.lock";
			outputPaths = (
				"$(DERIVED_FILE_DIR)/Pods-IM_SocketIO_Demo-checkManifestLockResult.txt",
			);
			runOnlyForDeploymentPostprocessing = 0;
			shellPath = /bin/sh;
			shellScript = "diff \"${PODS_PODFILE_DIR_PATH}/Podfile.lock\" \"${PODS_ROOT}/Manifest.lock\" > /dev/null\nif [ $? != 0 ] ; then\n    # print error to STDERR\n    echo \"error: The sandbox is not in sync with the Podfile.lock. Run 'pod install' or update your CocoaPods installation.\" >&2\n    exit 1\nfi\n# This output is used by Xcode 'outputs' to avoid re-running this script phase.\necho \"SUCCESS\" > \"${SCRIPT_OUTPUT_FILE_0}\"\n";
			showEnvVarsInLog = 0;
		};
		F2523D63ED0BB93C56D29D0B /* [CP] Embed Pods Frameworks */ = {
			isa = PBXShellScriptBuildPhase;
			buildActionMask = 2147483647;
			files = (
			);
			inputPaths = (
				"${SRCROOT}/Pods/Target Support Files/Pods-IM_SocketIO_Demo/Pods-IM_SocketIO_Demo-frameworks.sh",
				"${BUILT_PRODUCTS_DIR}/Alamofire/Alamofire.framework",
				"${BUILT_PRODUCTS_DIR}/Moya/Moya.framework",
				"${BUILT_PRODUCTS_DIR}/Result/Result.framework",
				"${BUILT_PRODUCTS_DIR}/Socket.IO-Client-Swift/SocketIO.framework",
				"${BUILT_PRODUCTS_DIR}/Starscream/Starscream.framework",
				"${BUILT_PRODUCTS_DIR}/SwiftyJSON/SwiftyJSON.framework",
			);
			name = "[CP] Embed Pods Frameworks";
			outputPaths = (
				"${TARGET_BUILD_DIR}/${FRAMEWORKS_FOLDER_PATH}/Alamofire.framework",
				"${TARGET_BUILD_DIR}/${FRAMEWORKS_FOLDER_PATH}/Moya.framework",
				"${TARGET_BUILD_DIR}/${FRAMEWORKS_FOLDER_PATH}/Result.framework",
				"${TARGET_BUILD_DIR}/${FRAMEWORKS_FOLDER_PATH}/SocketIO.framework",
				"${TARGET_BUILD_DIR}/${FRAMEWORKS_FOLDER_PATH}/Starscream.framework",
				"${TARGET_BUILD_DIR}/${FRAMEWORKS_FOLDER_PATH}/SwiftyJSON.framework",
			);
			runOnlyForDeploymentPostprocessing = 0;
			shellPath = /bin/sh;
			shellScript = "\"${SRCROOT}/Pods/Target Support Files/Pods-IM_SocketIO_Demo/Pods-IM_SocketIO_Demo-frameworks.sh\"\n";
			showEnvVarsInLog = 0;
		};
		FAF62F85A66A52A8888171EE /* [CP] Check Pods Manifest.lock */ = {
			isa = PBXShellScriptBuildPhase;
			buildActionMask = 2147483647;
			files = (
			);
			inputPaths = (
				"${PODS_PODFILE_DIR_PATH}/Podfile.lock",
				"${PODS_ROOT}/Manifest.lock",
			);
			name = "[CP] Check Pods Manifest.lock";
			outputPaths = (
				"$(DERIVED_FILE_DIR)/Pods-IM_SocketIO_DemoTests-checkManifestLockResult.txt",
			);
			runOnlyForDeploymentPostprocessing = 0;
			shellPath = /bin/sh;
			shellScript = "diff \"${PODS_PODFILE_DIR_PATH}/Podfile.lock\" \"${PODS_ROOT}/Manifest.lock\" > /dev/null\nif [ $? != 0 ] ; then\n    # print error to STDERR\n    echo \"error: The sandbox is not in sync with the Podfile.lock. Run 'pod install' or update your CocoaPods installation.\" >&2\n    exit 1\nfi\n# This output is used by Xcode 'outputs' to avoid re-running this script phase.\necho \"SUCCESS\" > \"${SCRIPT_OUTPUT_FILE_0}\"\n";
			showEnvVarsInLog = 0;
		};
/* End PBXShellScriptBuildPhase section */

/* Begin PBXSourcesBuildPhase section */
		2170EFC9207C9482009A890B /* Sources */ = {
			isa = PBXSourcesBuildPhase;
			buildActionMask = 2147483647;
			files = (
				213B982720919E450099E6ED /* SocketContactManager.swift in Sources */,
				213B982E20919E450099E6ED /* NetworkPlugin.swift in Sources */,
				213B982120919E450099E6ED /* SocketChatManagerDelegate.swift in Sources */,
				21446E75208DD71E00004D6A /* OtherChatCell.swift in Sources */,
				213B981F20919E450099E6ED /* SocketChatManager+ReceiveFunctions.swift in Sources */,
				213B982B20919E450099E6ED /* SocketIOManager.swift in Sources */,
				213B982220919E450099E6ED /* FriendModel.swift in Sources */,
				21446E73208DD71E00004D6A /* FriendsMessageVC.swift in Sources */,
				215718E72080A48A006F8ACD /* ViewController.swift in Sources */,
				213B982C20919E450099E6ED /* SocketMessageModel.swift in Sources */,
				215718E22080A48A006F8ACD /* UserInfo.swift in Sources */,
				21446E71208DD71E00004D6A /* FriendsListVC.swift in Sources */,
				213B982A20919E450099E6ED /* SocketBusinessManager.swift in Sources */,
				213B983020919E450099E6ED /* UserNetwork.swift in Sources */,
				21446E6F208DD71E00004D6A /* ChatVC.swift in Sources */,
				213B982F20919E450099E6ED /* Response+UserNetwork.swift in Sources */,
				213B983D20931C720099E6ED /* SocketMessageBody.swift in Sources */,
				213B98332091B77E0099E6ED /* ContactModel.swift in Sources */,
				2170EFD1207C9482009A890B /* AppDelegate.swift in Sources */,
				213B98392093095A0099E6ED /* SocketConversationModel.swift in Sources */,
				213B982D20919E450099E6ED /* HttpConnect.swift in Sources */,
				21446E6B208DD71E00004D6A /* AddFriendCell.swift in Sources */,
				213B982020919E450099E6ED /* SocketChatManager.swift in Sources */,
				21446E6D208DD71E00004D6A /* ChatCell.swift in Sources */,
				213B983B209317640099E6ED /* SocketMessage.swift in Sources */,
				215718E32080A48A006F8ACD /* BaseViewController.swift in Sources */,
				213B982420919E450099E6ED /* SocketCommon.swift in Sources */,
				213B982520919E450099E6ED /* SocketEmitType.swift in Sources */,
				213B982320919E450099E6ED /* MessageModel.swift in Sources */,
				215718E42080A48A006F8ACD /* MenuViewController.swift in Sources */,
				213B982620919E450099E6ED /* SocketErrorType.swift in Sources */,
				213B98352091F1550099E6ED /* SocketContactManager+ReceiveFunctions.swift in Sources */,
				213B982820919E450099E6ED /* SocketContactManagerDelegate.swift in Sources */,
				215718E62080A48A006F8ACD /* RegisterVC.swift in Sources */,
			);
			runOnlyForDeploymentPostprocessing = 0;
		};
		2170EFDD207C9484009A890B /* Sources */ = {
			isa = PBXSourcesBuildPhase;
			buildActionMask = 2147483647;
			files = (
				2170EFE6207C9484009A890B /* IM_SocketIO_DemoTests.swift in Sources */,
			);
			runOnlyForDeploymentPostprocessing = 0;
		};
		2170EFE8207C9484009A890B /* Sources */ = {
			isa = PBXSourcesBuildPhase;
			buildActionMask = 2147483647;
			files = (
				2170EFF1207C9484009A890B /* IM_SocketIO_DemoUITests.swift in Sources */,
			);
			runOnlyForDeploymentPostprocessing = 0;
		};
/* End PBXSourcesBuildPhase section */

/* Begin PBXTargetDependency section */
		2170EFE3207C9484009A890B /* PBXTargetDependency */ = {
			isa = PBXTargetDependency;
			target = 2170EFCC207C9482009A890B /* IM_SocketIO_Demo */;
			targetProxy = 2170EFE2207C9484009A890B /* PBXContainerItemProxy */;
		};
		2170EFEE207C9484009A890B /* PBXTargetDependency */ = {
			isa = PBXTargetDependency;
			target = 2170EFCC207C9482009A890B /* IM_SocketIO_Demo */;
			targetProxy = 2170EFED207C9484009A890B /* PBXContainerItemProxy */;
		};
/* End PBXTargetDependency section */

/* Begin PBXVariantGroup section */
		2170EFD4207C9482009A890B /* Main.storyboard */ = {
			isa = PBXVariantGroup;
			children = (
				2170EFD5207C9482009A890B /* Base */,
			);
			name = Main.storyboard;
			sourceTree = "<group>";
		};
		2170EFD9207C9484009A890B /* LaunchScreen.storyboard */ = {
			isa = PBXVariantGroup;
			children = (
				2170EFDA207C9484009A890B /* Base */,
			);
			name = LaunchScreen.storyboard;
			sourceTree = "<group>";
		};
/* End PBXVariantGroup section */

/* Begin XCBuildConfiguration section */
		2170EFF3207C9484009A890B /* Debug */ = {
			isa = XCBuildConfiguration;
			buildSettings = {
				ALWAYS_SEARCH_USER_PATHS = NO;
				CLANG_ANALYZER_NONNULL = YES;
				CLANG_ANALYZER_NUMBER_OBJECT_CONVERSION = YES_AGGRESSIVE;
				CLANG_CXX_LANGUAGE_STANDARD = "gnu++14";
				CLANG_CXX_LIBRARY = "libc++";
				CLANG_ENABLE_MODULES = YES;
				CLANG_ENABLE_OBJC_ARC = YES;
				CLANG_ENABLE_OBJC_WEAK = YES;
				CLANG_WARN_BLOCK_CAPTURE_AUTORELEASING = YES;
				CLANG_WARN_BOOL_CONVERSION = YES;
				CLANG_WARN_COMMA = YES;
				CLANG_WARN_CONSTANT_CONVERSION = YES;
				CLANG_WARN_DEPRECATED_OBJC_IMPLEMENTATIONS = YES;
				CLANG_WARN_DIRECT_OBJC_ISA_USAGE = YES_ERROR;
				CLANG_WARN_DOCUMENTATION_COMMENTS = YES;
				CLANG_WARN_EMPTY_BODY = YES;
				CLANG_WARN_ENUM_CONVERSION = YES;
				CLANG_WARN_INFINITE_RECURSION = YES;
				CLANG_WARN_INT_CONVERSION = YES;
				CLANG_WARN_NON_LITERAL_NULL_CONVERSION = YES;
				CLANG_WARN_OBJC_IMPLICIT_RETAIN_SELF = YES;
				CLANG_WARN_OBJC_LITERAL_CONVERSION = YES;
				CLANG_WARN_OBJC_ROOT_CLASS = YES_ERROR;
				CLANG_WARN_RANGE_LOOP_ANALYSIS = YES;
				CLANG_WARN_STRICT_PROTOTYPES = YES;
				CLANG_WARN_SUSPICIOUS_MOVE = YES;
				CLANG_WARN_UNGUARDED_AVAILABILITY = YES_AGGRESSIVE;
				CLANG_WARN_UNREACHABLE_CODE = YES;
				CLANG_WARN__DUPLICATE_METHOD_MATCH = YES;
				CODE_SIGN_IDENTITY = "iPhone Developer";
				COPY_PHASE_STRIP = NO;
				DEBUG_INFORMATION_FORMAT = dwarf;
				ENABLE_STRICT_OBJC_MSGSEND = YES;
				ENABLE_TESTABILITY = YES;
				GCC_C_LANGUAGE_STANDARD = gnu11;
				GCC_DYNAMIC_NO_PIC = NO;
				GCC_NO_COMMON_BLOCKS = YES;
				GCC_OPTIMIZATION_LEVEL = 0;
				GCC_PREPROCESSOR_DEFINITIONS = (
					"DEBUG=1",
					"$(inherited)",
				);
				GCC_WARN_64_TO_32_BIT_CONVERSION = YES;
				GCC_WARN_ABOUT_RETURN_TYPE = YES_ERROR;
				GCC_WARN_UNDECLARED_SELECTOR = YES;
				GCC_WARN_UNINITIALIZED_AUTOS = YES_AGGRESSIVE;
				GCC_WARN_UNUSED_FUNCTION = YES;
				GCC_WARN_UNUSED_VARIABLE = YES;
				IPHONEOS_DEPLOYMENT_TARGET = 11.3;
				MTL_ENABLE_DEBUG_INFO = YES;
				ONLY_ACTIVE_ARCH = YES;
				SDKROOT = iphoneos;
				SWIFT_ACTIVE_COMPILATION_CONDITIONS = DEBUG;
				SWIFT_OPTIMIZATION_LEVEL = "-Onone";
			};
			name = Debug;
		};
		2170EFF4207C9484009A890B /* Release */ = {
			isa = XCBuildConfiguration;
			buildSettings = {
				ALWAYS_SEARCH_USER_PATHS = NO;
				CLANG_ANALYZER_NONNULL = YES;
				CLANG_ANALYZER_NUMBER_OBJECT_CONVERSION = YES_AGGRESSIVE;
				CLANG_CXX_LANGUAGE_STANDARD = "gnu++14";
				CLANG_CXX_LIBRARY = "libc++";
				CLANG_ENABLE_MODULES = YES;
				CLANG_ENABLE_OBJC_ARC = YES;
				CLANG_ENABLE_OBJC_WEAK = YES;
				CLANG_WARN_BLOCK_CAPTURE_AUTORELEASING = YES;
				CLANG_WARN_BOOL_CONVERSION = YES;
				CLANG_WARN_COMMA = YES;
				CLANG_WARN_CONSTANT_CONVERSION = YES;
				CLANG_WARN_DEPRECATED_OBJC_IMPLEMENTATIONS = YES;
				CLANG_WARN_DIRECT_OBJC_ISA_USAGE = YES_ERROR;
				CLANG_WARN_DOCUMENTATION_COMMENTS = YES;
				CLANG_WARN_EMPTY_BODY = YES;
				CLANG_WARN_ENUM_CONVERSION = YES;
				CLANG_WARN_INFINITE_RECURSION = YES;
				CLANG_WARN_INT_CONVERSION = YES;
				CLANG_WARN_NON_LITERAL_NULL_CONVERSION = YES;
				CLANG_WARN_OBJC_IMPLICIT_RETAIN_SELF = YES;
				CLANG_WARN_OBJC_LITERAL_CONVERSION = YES;
				CLANG_WARN_OBJC_ROOT_CLASS = YES_ERROR;
				CLANG_WARN_RANGE_LOOP_ANALYSIS = YES;
				CLANG_WARN_STRICT_PROTOTYPES = YES;
				CLANG_WARN_SUSPICIOUS_MOVE = YES;
				CLANG_WARN_UNGUARDED_AVAILABILITY = YES_AGGRESSIVE;
				CLANG_WARN_UNREACHABLE_CODE = YES;
				CLANG_WARN__DUPLICATE_METHOD_MATCH = YES;
				CODE_SIGN_IDENTITY = "iPhone Developer";
				COPY_PHASE_STRIP = NO;
				DEBUG_INFORMATION_FORMAT = "dwarf-with-dsym";
				ENABLE_NS_ASSERTIONS = NO;
				ENABLE_STRICT_OBJC_MSGSEND = YES;
				GCC_C_LANGUAGE_STANDARD = gnu11;
				GCC_NO_COMMON_BLOCKS = YES;
				GCC_WARN_64_TO_32_BIT_CONVERSION = YES;
				GCC_WARN_ABOUT_RETURN_TYPE = YES_ERROR;
				GCC_WARN_UNDECLARED_SELECTOR = YES;
				GCC_WARN_UNINITIALIZED_AUTOS = YES_AGGRESSIVE;
				GCC_WARN_UNUSED_FUNCTION = YES;
				GCC_WARN_UNUSED_VARIABLE = YES;
				IPHONEOS_DEPLOYMENT_TARGET = 11.3;
				MTL_ENABLE_DEBUG_INFO = NO;
				SDKROOT = iphoneos;
				SWIFT_COMPILATION_MODE = wholemodule;
				SWIFT_OPTIMIZATION_LEVEL = "-O";
				VALIDATE_PRODUCT = YES;
			};
			name = Release;
		};
		2170EFF6207C9484009A890B /* Debug */ = {
			isa = XCBuildConfiguration;
			baseConfigurationReference = 96B9E11A1DEFF145EBF4D9A7 /* Pods-IM_SocketIO_Demo.debug.xcconfig */;
			buildSettings = {
				ASSETCATALOG_COMPILER_APPICON_NAME = AppIcon;
				CODE_SIGN_STYLE = Automatic;
				INFOPLIST_FILE = IM_SocketIO_Demo/Info.plist;
				LD_RUNPATH_SEARCH_PATHS = (
					"$(inherited)",
					"@executable_path/Frameworks",
				);
				PRODUCT_BUNDLE_IDENTIFIER = "wang.com.IM-SocketIO-Demo";
				PRODUCT_NAME = "$(TARGET_NAME)";
				SWIFT_VERSION = 4.0;
				TARGETED_DEVICE_FAMILY = "1,2";
			};
			name = Debug;
		};
		2170EFF7207C9484009A890B /* Release */ = {
			isa = XCBuildConfiguration;
			baseConfigurationReference = 122ADE90B0D586F7C8A940CB /* Pods-IM_SocketIO_Demo.release.xcconfig */;
			buildSettings = {
				ASSETCATALOG_COMPILER_APPICON_NAME = AppIcon;
				CODE_SIGN_STYLE = Automatic;
				INFOPLIST_FILE = IM_SocketIO_Demo/Info.plist;
				LD_RUNPATH_SEARCH_PATHS = (
					"$(inherited)",
					"@executable_path/Frameworks",
				);
				PRODUCT_BUNDLE_IDENTIFIER = "wang.com.IM-SocketIO-Demo";
				PRODUCT_NAME = "$(TARGET_NAME)";
				SWIFT_VERSION = 4.0;
				TARGETED_DEVICE_FAMILY = "1,2";
			};
			name = Release;
		};
		2170EFF9207C9484009A890B /* Debug */ = {
			isa = XCBuildConfiguration;
			baseConfigurationReference = 41F83757D53A4CEAE402A556 /* Pods-IM_SocketIO_DemoTests.debug.xcconfig */;
			buildSettings = {
				ALWAYS_EMBED_SWIFT_STANDARD_LIBRARIES = YES;
				BUNDLE_LOADER = "$(TEST_HOST)";
				CODE_SIGN_STYLE = Automatic;
				INFOPLIST_FILE = IM_SocketIO_DemoTests/Info.plist;
				LD_RUNPATH_SEARCH_PATHS = (
					"$(inherited)",
					"@executable_path/Frameworks",
					"@loader_path/Frameworks",
				);
				PRODUCT_BUNDLE_IDENTIFIER = "wang.com.IM-SocketIO-DemoTests";
				PRODUCT_NAME = "$(TARGET_NAME)";
				SWIFT_VERSION = 4.0;
				TARGETED_DEVICE_FAMILY = "1,2";
				TEST_HOST = "$(BUILT_PRODUCTS_DIR)/IM_SocketIO_Demo.app/IM_SocketIO_Demo";
			};
			name = Debug;
		};
		2170EFFA207C9484009A890B /* Release */ = {
			isa = XCBuildConfiguration;
			baseConfigurationReference = 7C52BA266DB6036BBB22C7F0 /* Pods-IM_SocketIO_DemoTests.release.xcconfig */;
			buildSettings = {
				ALWAYS_EMBED_SWIFT_STANDARD_LIBRARIES = YES;
				BUNDLE_LOADER = "$(TEST_HOST)";
				CODE_SIGN_STYLE = Automatic;
				INFOPLIST_FILE = IM_SocketIO_DemoTests/Info.plist;
				LD_RUNPATH_SEARCH_PATHS = (
					"$(inherited)",
					"@executable_path/Frameworks",
					"@loader_path/Frameworks",
				);
				PRODUCT_BUNDLE_IDENTIFIER = "wang.com.IM-SocketIO-DemoTests";
				PRODUCT_NAME = "$(TARGET_NAME)";
				SWIFT_VERSION = 4.0;
				TARGETED_DEVICE_FAMILY = "1,2";
				TEST_HOST = "$(BUILT_PRODUCTS_DIR)/IM_SocketIO_Demo.app/IM_SocketIO_Demo";
			};
			name = Release;
		};
		2170EFFC207C9484009A890B /* Debug */ = {
			isa = XCBuildConfiguration;
			baseConfigurationReference = 6406989872543ABF3CD95CFA /* Pods-IM_SocketIO_DemoUITests.debug.xcconfig */;
			buildSettings = {
				ALWAYS_EMBED_SWIFT_STANDARD_LIBRARIES = YES;
				CODE_SIGN_STYLE = Automatic;
				INFOPLIST_FILE = IM_SocketIO_DemoUITests/Info.plist;
				LD_RUNPATH_SEARCH_PATHS = (
					"$(inherited)",
					"@executable_path/Frameworks",
					"@loader_path/Frameworks",
				);
				PRODUCT_BUNDLE_IDENTIFIER = "wang.com.IM-SocketIO-DemoUITests";
				PRODUCT_NAME = "$(TARGET_NAME)";
				SWIFT_VERSION = 4.0;
				TARGETED_DEVICE_FAMILY = "1,2";
				TEST_TARGET_NAME = IM_SocketIO_Demo;
			};
			name = Debug;
		};
		2170EFFD207C9484009A890B /* Release */ = {
			isa = XCBuildConfiguration;
			baseConfigurationReference = 6C962E04C00855A4813009EF /* Pods-IM_SocketIO_DemoUITests.release.xcconfig */;
			buildSettings = {
				ALWAYS_EMBED_SWIFT_STANDARD_LIBRARIES = YES;
				CODE_SIGN_STYLE = Automatic;
				INFOPLIST_FILE = IM_SocketIO_DemoUITests/Info.plist;
				LD_RUNPATH_SEARCH_PATHS = (
					"$(inherited)",
					"@executable_path/Frameworks",
					"@loader_path/Frameworks",
				);
				PRODUCT_BUNDLE_IDENTIFIER = "wang.com.IM-SocketIO-DemoUITests";
				PRODUCT_NAME = "$(TARGET_NAME)";
				SWIFT_VERSION = 4.0;
				TARGETED_DEVICE_FAMILY = "1,2";
				TEST_TARGET_NAME = IM_SocketIO_Demo;
			};
			name = Release;
		};
/* End XCBuildConfiguration section */

/* Begin XCConfigurationList section */
		2170EFC8207C9482009A890B /* Build configuration list for PBXProject "IM_SocketIO_Demo" */ = {
			isa = XCConfigurationList;
			buildConfigurations = (
				2170EFF3207C9484009A890B /* Debug */,
				2170EFF4207C9484009A890B /* Release */,
			);
			defaultConfigurationIsVisible = 0;
			defaultConfigurationName = Release;
		};
		2170EFF5207C9484009A890B /* Build configuration list for PBXNativeTarget "IM_SocketIO_Demo" */ = {
			isa = XCConfigurationList;
			buildConfigurations = (
				2170EFF6207C9484009A890B /* Debug */,
				2170EFF7207C9484009A890B /* Release */,
			);
			defaultConfigurationIsVisible = 0;
			defaultConfigurationName = Release;
		};
		2170EFF8207C9484009A890B /* Build configuration list for PBXNativeTarget "IM_SocketIO_DemoTests" */ = {
			isa = XCConfigurationList;
			buildConfigurations = (
				2170EFF9207C9484009A890B /* Debug */,
				2170EFFA207C9484009A890B /* Release */,
			);
			defaultConfigurationIsVisible = 0;
			defaultConfigurationName = Release;
		};
		2170EFFB207C9484009A890B /* Build configuration list for PBXNativeTarget "IM_SocketIO_DemoUITests" */ = {
			isa = XCConfigurationList;
			buildConfigurations = (
				2170EFFC207C9484009A890B /* Debug */,
				2170EFFD207C9484009A890B /* Release */,
			);
			defaultConfigurationIsVisible = 0;
			defaultConfigurationName = Release;
		};
/* End XCConfigurationList section */
	};
	rootObject = 2170EFC5207C9482009A890B /* Project object */;
}
